
Microsoft Visual Studio Solution File, Format Version 12.00
# Visual Studio Version 17
VisualStudioVersion = 17.8.34511.84
MinimumVisualStudioVersion = 10.0.40219.1
Project("{9A19103F-16F7-4668-BE54-9A1E7A4F7556}") = "Task 2", "Task 2\Task 2.csproj", "{1682C6A5-9495-47F8-AF64-2921D46E5448}"
EndProject
Project("{9A19103F-16F7-4668-BE54-9A1E7A4F7556}") = "Task 3", "Task 3\Task 3.csproj", "{BC917B55-F814-4A64-B03C-226C8DBE6E73}"
EndProject
Project("{9A19103F-16F7-4668-BE54-9A1E7A4F7556}") = "Task 4", "Task 4\Task 4.csproj", "{2A897081-939A-4810-ACF6-4B2A110B321C}"
EndProject
Project("{FAE04EC0-301F-11D3-BF4B-00C04F79EFBC}") = "Task 1", "Task 1\Task 1.csproj", "{0A53ADE8-C73C-422B-8A49-BA6AD29559FC}"
EndProject
Global
	GlobalSection(SolutionConfigurationPlatforms) = preSolution
		Debug|Any CPU = Debug|Any CPU
		Release|Any CPU = Release|Any CPU
	EndGlobalSection
	GlobalSection(ProjectConfigurationPlatforms) = postSolution
		{1682C6A5-9495-47F8-AF64-2921D46E5448}.Debug|Any CPU.ActiveCfg = Debug|Any CPU
		{1682C6A5-9495-47F8-AF64-2921D46E5448}.Debug|Any CPU.Build.0 = Debug|Any CPU
		{1682C6A5-9495-47F8-AF64-2921D46E5448}.Release|Any CPU.ActiveCfg = Release|Any CPU
		{1682C6A5-9495-47F8-AF64-2921D46E5448}.Release|Any CPU.Build.0 = Release|Any CPU
		{BC917B55-F814-4A64-B03C-226C8DBE6E73}.Debug|Any CPU.ActiveCfg = Debug|Any CPU
		{BC917B55-F814-4A64-B03C-226C8DBE6E73}.Debug|Any CPU.Build.0 = Debug|Any CPU
		{BC917B55-F814-4A64-B03C-226C8DBE6E73}.Release|Any CPU.ActiveCfg = Release|Any CPU
		{BC917B55-F814-4A64-B03C-226C8DBE6E73}.Release|Any CPU.Build.0 = Release|Any CPU
		{2A897081-939A-4810-ACF6-4B2A110B321C}.Debug|Any CPU.ActiveCfg = Debug|Any CPU
		{2A897081-939A-4810-ACF6-4B2A110B321C}.Debug|Any CPU.Build.0 = Debug|Any CPU
		{2A897081-939A-4810-ACF6-4B2A110B321C}.Release|Any CPU.ActiveCfg = Release|Any CPU
		{2A897081-939A-4810-ACF6-4B2A110B321C}.Release|Any CPU.Build.0 = Release|Any CPU
		{0A53ADE8-C73C-422B-8A49-BA6AD29559FC}.Debug|Any CPU.ActiveCfg = Debug|Any CPU
		{0A53ADE8-C73C-422B-8A49-BA6AD29559FC}.Debug|Any CPU.Build.0 = Debug|Any CPU
		{0A53ADE8-C73C-422B-8A49-BA6AD29559FC}.Release|Any CPU.ActiveCfg = Release|Any CPU
		{0A53ADE8-C73C-422B-8A49-BA6AD29559FC}.Release|Any CPU.Build.0 = Release|Any CPU
	EndGlobalSection
	GlobalSection(SolutionProperties) = preSolution
		HideSolutionNode = FALSE
	EndGlobalSection
	GlobalSection(ExtensibilityGlobals) = postSolution
		SolutionGuid = {9251D246-2D1B-4B88-8493-1CBF9378A2B8}
	EndGlobalSection
EndGlobal
