
Microsoft Visual Studio Solution File, Format Version 12.00
# Visual Studio Version 17
VisualStudioVersion = 17.8.34511.84
MinimumVisualStudioVersion = 10.0.40219.1
Project("{FAE04EC0-301F-11D3-BF4B-00C04F79EFBC}") = "Task 1", "Homework 3\Task 1.csproj", "{7111258E-F6A5-4780-B767-A5CAD27744E9}"
EndProject
Project("{FAE04EC0-301F-11D3-BF4B-00C04F79EFBC}") = "Task 2", "Task 2\Task 2.csproj", "{1682C6A5-9495-47F8-AF64-2921D46E5448}"
EndProject
Project("{FAE04EC0-301F-11D3-BF4B-00C04F79EFBC}") = "Task 3", "Task 3\Task 3.csproj", "{BC917B55-F814-4A64-B03C-226C8DBE6E73}"
EndProject
Project("{FAE04EC0-301F-11D3-BF4B-00C04F79EFBC}") = "Task 4", "Task 4\Task 4.csproj", "{2A897081-939A-4810-ACF6-4B2A110B321C}"
EndProject
Global
	GlobalSection(SolutionConfigurationPlatforms) = preSolution
		Debug|Any CPU = Debug|Any CPU
		Release|Any CPU = Release|Any CPU
	EndGlobalSection
	GlobalSection(ProjectConfigurationPlatforms) = postSolution
		{7111258E-F6A5-4780-B767-A5CAD27744E9}.Debug|Any CPU.ActiveCfg = Debug|Any CPU
		{7111258E-F6A5-4780-B767-A5CAD27744E9}.Debug|Any CPU.Build.0 = Debug|Any CPU
		{7111258E-F6A5-4780-B767-A5CAD27744E9}.Release|Any CPU.ActiveCfg = Release|Any CPU
		{7111258E-F6A5-4780-B767-A5CAD27744E9}.Release|Any CPU.Build.0 = Release|Any CPU
		{1682C6A5-9495-47F8-AF64-2921D46E5448}.Debug|Any CPU.ActiveCfg = Debug|Any CPU
		{1682C6A5-9495-47F8-AF64-2921D46E5448}.Debug|Any CPU.Build.0 = Debug|Any CPU
		{1682C6A5-9495-47F8-AF64-2921D46E5448}.Release|Any CPU.ActiveCfg = Release|Any CPU
		{1682C6A5-9495-47F8-AF64-2921D46E5448}.Release|Any CPU.Build.0 = Release|Any CPU
		{BC917B55-F814-4A64-B03C-226C8DBE6E73}.Debug|Any CPU.ActiveCfg = Debug|Any CPU
		{BC917B55-F814-4A64-B03C-226C8DBE6E73}.Debug|Any CPU.Build.0 = Debug|Any CPU
		{BC917B55-F814-4A64-B03C-226C8DBE6E73}.Release|Any CPU.ActiveCfg = Release|Any CPU
		{BC917B55-F814-4A64-B03C-226C8DBE6E73}.Release|Any CPU.Build.0 = Release|Any CPU
		{2A897081-939A-4810-ACF6-4B2A110B321C}.Debug|Any CPU.ActiveCfg = Debug|Any CPU
		{2A897081-939A-4810-ACF6-4B2A110B321C}.Debug|Any CPU.Build.0 = Debug|Any CPU
		{2A897081-939A-4810-ACF6-4B2A110B321C}.Release|Any CPU.ActiveCfg = Release|Any CPU
		{2A897081-939A-4810-ACF6-4B2A110B321C}.Release|Any CPU.Build.0 = Release|Any CPU
	EndGlobalSection
	GlobalSection(SolutionProperties) = preSolution
		HideSolutionNode = FALSE
	EndGlobalSection
	GlobalSection(ExtensibilityGlobals) = postSolution
		SolutionGuid = {9251D246-2D1B-4B88-8493-1CBF9378A2B8}
	EndGlobalSection
EndGlobal
