
Microsoft Visual Studio Solution File, Format Version 12.00
# Visual Studio Version 17
VisualStudioVersion = 17.8.34511.84
MinimumVisualStudioVersion = 10.0.40219.1
Project("{FAE04EC0-301F-11D3-BF4B-00C04F79EFBC}") = "Homework2", "Homework2\Homework2.csproj", "{4385BC4C-73F6-483F-81E1-22CBFA73B3A2}"
EndProject
Global
	GlobalSection(SolutionConfigurationPlatforms) = preSolution
		Debug|Any CPU = Debug|Any CPU
		Release|Any CPU = Release|Any CPU
	EndGlobalSection
	GlobalSection(ProjectConfigurationPlatforms) = postSolution
		{4385BC4C-73F6-483F-81E1-22CBFA73B3A2}.Debug|Any CPU.ActiveCfg = Debug|Any CPU
		{4385BC4C-73F6-483F-81E1-22CBFA73B3A2}.Debug|Any CPU.Build.0 = Debug|Any CPU
		{4385BC4C-73F6-483F-81E1-22CBFA73B3A2}.Release|Any CPU.ActiveCfg = Release|Any CPU
		{4385BC4C-73F6-483F-81E1-22CBFA73B3A2}.Release|Any CPU.Build.0 = Release|Any CPU
	EndGlobalSection
	GlobalSection(SolutionProperties) = preSolution
		HideSolutionNode = FALSE
	EndGlobalSection
	GlobalSection(ExtensibilityGlobals) = postSolution
		SolutionGuid = {D731A8AA-82F6-41C6-AA32-3F3CBD3472B4}
	EndGlobalSection
EndGlobal
